
Microsoft Visual Studio Solution File, Format Version 12.00
# Visual Studio Version 16
VisualStudioVersion = 16.0.31424.327
MinimumVisualStudioVersion = 10.0.40219.1
Project("{FAE04EC0-301F-11D3-BF4B-00C04F79EFBC}") = "Test", "Test\Test.csproj", "{DEEC4D5F-C472-484A-B9A0-A8FE4542DAAA}"
EndProject
Project("{9A19103F-16F7-4668-BE54-9A1E7A4F7556}") = "TestXUnitTests", "TestXUnitTests\TestXUnitTests.csproj", "{666CE281-C0B4-4BDF-925F-138AE6FCC4B6}"
EndProject
Project("{FAE04EC0-301F-11D3-BF4B-00C04F79EFBC}") = "TestUnitTests", "UnitTestProject1\TestUnitTests.csproj", "{1D3012ED-A012-423E-A59D-AE143E7C0CA2}"
EndProject
Global
	GlobalSection(SolutionConfigurationPlatforms) = preSolution
		Debug|Any CPU = Debug|Any CPU
		Release|Any CPU = Release|Any CPU
	EndGlobalSection
	GlobalSection(ProjectConfigurationPlatforms) = postSolution
		{DEEC4D5F-C472-484A-B9A0-A8FE4542DAAA}.Debug|Any CPU.ActiveCfg = Debug|Any CPU
		{DEEC4D5F-C472-484A-B9A0-A8FE4542DAAA}.Debug|Any CPU.Build.0 = Debug|Any CPU
		{DEEC4D5F-C472-484A-B9A0-A8FE4542DAAA}.Release|Any CPU.ActiveCfg = Release|Any CPU
		{DEEC4D5F-C472-484A-B9A0-A8FE4542DAAA}.Release|Any CPU.Build.0 = Release|Any CPU
		{666CE281-C0B4-4BDF-925F-138AE6FCC4B6}.Debug|Any CPU.ActiveCfg = Debug|Any CPU
		{666CE281-C0B4-4BDF-925F-138AE6FCC4B6}.Debug|Any CPU.Build.0 = Debug|Any CPU
		{666CE281-C0B4-4BDF-925F-138AE6FCC4B6}.Release|Any CPU.ActiveCfg = Release|Any CPU
		{666CE281-C0B4-4BDF-925F-138AE6FCC4B6}.Release|Any CPU.Build.0 = Release|Any CPU
		{1D3012ED-A012-423E-A59D-AE143E7C0CA2}.Debug|Any CPU.ActiveCfg = Debug|Any CPU
		{1D3012ED-A012-423E-A59D-AE143E7C0CA2}.Debug|Any CPU.Build.0 = Debug|Any CPU
		{1D3012ED-A012-423E-A59D-AE143E7C0CA2}.Release|Any CPU.ActiveCfg = Release|Any CPU
		{1D3012ED-A012-423E-A59D-AE143E7C0CA2}.Release|Any CPU.Build.0 = Release|Any CPU
	EndGlobalSection
	GlobalSection(SolutionProperties) = preSolution
		HideSolutionNode = FALSE
	EndGlobalSection
	GlobalSection(ExtensibilityGlobals) = postSolution
		SolutionGuid = {3C8213B8-1FAA-4089-AC25-A4F3C453AB04}
	EndGlobalSection
EndGlobal
